
Microsoft Visual Studio Solution File, Format Version 12.00
# Visual Studio Version 17
VisualStudioVersion = 17.7.34031.279
MinimumVisualStudioVersion = 10.0.40219.1
Project("{8BC9CEB8-8B4A-11D0-8D11-00A0C91BC942}") = "PR6.2.it", "PR6.2.it\PR6.2.it.vcxproj", "{260A0D6D-4B04-44D6-8A6E-DD9235E0CA42}"
EndProject
Project("{8BC9CEB8-8B4A-11D0-8D11-00A0C91BC942}") = "UnitTest6.2.it", "UnitTest6.2.it\UnitTest6.2.it.vcxproj", "{8E11AC2C-7A39-401D-8012-FB0668C948D2}"
EndProject
Global
	GlobalSection(SolutionConfigurationPlatforms) = preSolution
		Debug|x64 = Debug|x64
		Debug|x86 = Debug|x86
		Release|x64 = Release|x64
		Release|x86 = Release|x86
	EndGlobalSection
	GlobalSection(ProjectConfigurationPlatforms) = postSolution
		{260A0D6D-4B04-44D6-8A6E-DD9235E0CA42}.Debug|x64.ActiveCfg = Debug|x64
		{260A0D6D-4B04-44D6-8A6E-DD9235E0CA42}.Debug|x64.Build.0 = Debug|x64
		{260A0D6D-4B04-44D6-8A6E-DD9235E0CA42}.Debug|x86.ActiveCfg = Debug|Win32
		{260A0D6D-4B04-44D6-8A6E-DD9235E0CA42}.Debug|x86.Build.0 = Debug|Win32
		{260A0D6D-4B04-44D6-8A6E-DD9235E0CA42}.Release|x64.ActiveCfg = Release|x64
		{260A0D6D-4B04-44D6-8A6E-DD9235E0CA42}.Release|x64.Build.0 = Release|x64
		{260A0D6D-4B04-44D6-8A6E-DD9235E0CA42}.Release|x86.ActiveCfg = Release|Win32
		{260A0D6D-4B04-44D6-8A6E-DD9235E0CA42}.Release|x86.Build.0 = Release|Win32
		{8E11AC2C-7A39-401D-8012-FB0668C948D2}.Debug|x64.ActiveCfg = Debug|x64
		{8E11AC2C-7A39-401D-8012-FB0668C948D2}.Debug|x64.Build.0 = Debug|x64
		{8E11AC2C-7A39-401D-8012-FB0668C948D2}.Debug|x86.ActiveCfg = Debug|Win32
		{8E11AC2C-7A39-401D-8012-FB0668C948D2}.Debug|x86.Build.0 = Debug|Win32
		{8E11AC2C-7A39-401D-8012-FB0668C948D2}.Release|x64.ActiveCfg = Release|x64
		{8E11AC2C-7A39-401D-8012-FB0668C948D2}.Release|x64.Build.0 = Release|x64
		{8E11AC2C-7A39-401D-8012-FB0668C948D2}.Release|x86.ActiveCfg = Release|Win32
		{8E11AC2C-7A39-401D-8012-FB0668C948D2}.Release|x86.Build.0 = Release|Win32
	EndGlobalSection
	GlobalSection(SolutionProperties) = preSolution
		HideSolutionNode = FALSE
	EndGlobalSection
	GlobalSection(ExtensibilityGlobals) = postSolution
		SolutionGuid = {5B6B2D82-78B3-4FC0-9583-EF8156BFA424}
	EndGlobalSection
EndGlobal
